
Microsoft Visual Studio Solution File, Format Version 12.00
# Visual Studio Version 16
VisualStudioVersion = 16.0.31829.152
MinimumVisualStudioVersion = 10.0.40219.1
Project("{FAE04EC0-301F-11D3-BF4B-00C04F79EFBC}") = "MCD_DataGridViewImage", "MCD_DataGridViewImage\MCD_DataGridViewImage.csproj", "{3E66B5EC-A109-45A6-825A-5C78B5C78D5C}"
EndProject
Global
	GlobalSection(SolutionConfigurationPlatforms) = preSolution
		Debug|Any CPU = Debug|Any CPU
		Release|Any CPU = Release|Any CPU
	EndGlobalSection
	GlobalSection(ProjectConfigurationPlatforms) = postSolution
		{3E66B5EC-A109-45A6-825A-5C78B5C78D5C}.Debug|Any CPU.ActiveCfg = Debug|Any CPU
		{3E66B5EC-A109-45A6-825A-5C78B5C78D5C}.Debug|Any CPU.Build.0 = Debug|Any CPU
		{3E66B5EC-A109-45A6-825A-5C78B5C78D5C}.Release|Any CPU.ActiveCfg = Release|Any CPU
		{3E66B5EC-A109-45A6-825A-5C78B5C78D5C}.Release|Any CPU.Build.0 = Release|Any CPU
	EndGlobalSection
	GlobalSection(SolutionProperties) = preSolution
		HideSolutionNode = FALSE
	EndGlobalSection
	GlobalSection(ExtensibilityGlobals) = postSolution
		SolutionGuid = {3DFD1701-7829-42C6-B943-8020BBAFE5A1}
	EndGlobalSection
EndGlobal
